
Microsoft Visual Studio Solution File, Format Version 12.00
# Visual Studio Version 17
VisualStudioVersion = 17.3.32929.385
MinimumVisualStudioVersion = 10.0.40219.1
Project("{9A19103F-16F7-4668-BE54-9A1E7A4F7556}") = "SimpleAdmin.Application", "SimpleAdmin.Application\SimpleAdmin.Application.csproj", "{80E93EBF-7E84-410D-877E-165804DCCB09}"
EndProject
Project("{9A19103F-16F7-4668-BE54-9A1E7A4F7556}") = "SimpleAdmin.Core", "SimpleAdmin.Core\SimpleAdmin.Core.csproj", "{ED7F9D0D-6DCA-40B3-AC26-FA1FC35A35D6}"
EndProject
Project("{9A19103F-16F7-4668-BE54-9A1E7A4F7556}") = "SimpleAdmin.Web.Core", "SimpleAdmin.Web.Core\SimpleAdmin.Web.Core.csproj", "{01642438-048E-4CF2-AD62-6232043E41DA}"
EndProject
Project("{9A19103F-16F7-4668-BE54-9A1E7A4F7556}") = "SimpleAdmin.Web.Entry", "SimpleAdmin.Web.Entry\SimpleAdmin.Web.Entry.csproj", "{8469DE55-A79F-4F63-A11A-AC193B69B81C}"
EndProject
Project("{9A19103F-16F7-4668-BE54-9A1E7A4F7556}") = "SimpleAdmin.System", "SimpleAdmin.System\SimpleAdmin.System.csproj", "{CB1C48E3-78AA-488E-8DA5-724804C53A6D}"
EndProject
Project("{2150E333-8FDC-42A3-9474-1A3956D46DE8}") = "架构核心", "架构核心", "{88EF0885-575A-4E7A-BBC7-77F762E31A0E}"
EndProject
Project("{2150E333-8FDC-42A3-9474-1A3956D46DE8}") = "业务模块", "业务模块", "{7F48AE48-DFA2-4B69-BD0F-8D961FD294D0}"
EndProject
Project("{2150E333-8FDC-42A3-9474-1A3956D46DE8}") = "应用服务", "应用服务", "{9C44B2B9-3FA1-4723-AF75-C4883B0D03A7}"
EndProject
Project("{2150E333-8FDC-42A3-9474-1A3956D46DE8}") = "Web", "Web", "{006F2845-2905-4EDD-8492-86C6E31282EE}"
EndProject
Project("{2150E333-8FDC-42A3-9474-1A3956D46DE8}") = "后台服务", "后台服务", "{C6B98084-8431-4073-9311-A3508C31DF7F}"
EndProject
Project("{2150E333-8FDC-42A3-9474-1A3956D46DE8}") = "系统插件", "系统插件", "{D3630025-B2A9-4B83-99CF-2DD99289D628}"
EndProject
Project("{2150E333-8FDC-42A3-9474-1A3956D46DE8}") = "核心插件", "核心插件", "{9EB00985-8989-4020-B0BA-536C90BEDEBC}"
EndProject
Project("{2150E333-8FDC-42A3-9474-1A3956D46DE8}") = "系统模块", "系统模块", "{3B049767-E6E3-4E89-B45B-9066448E0573}"
EndProject
Project("{9A19103F-16F7-4668-BE54-9A1E7A4F7556}") = "SimpleAdmin.Plugin.Aop", "SimpleAdmin.Plugin\SimpleAdmin.Plugin.Aop\SimpleAdmin.Plugin.Aop.csproj", "{8D130807-5AD8-4894-A694-6EBECBF89A5A}"
EndProject
Project("{9A19103F-16F7-4668-BE54-9A1E7A4F7556}") = "SimpleAdmin.SqlSugar", "SimpleAdmin.SqlSugar\SimpleAdmin.SqlSugar.csproj", "{AA783B66-6F91-4164-86D4-6D053E5A549C}"
EndProject
Project("{9A19103F-16F7-4668-BE54-9A1E7A4F7556}") = "SimpleAdmin.Cache", "SimpleAdmin.Cache\SimpleAdmin.Cache.csproj", "{B34C3A3E-EE0E-4D4F-9A3C-AADA575FA977}"
EndProject
Global
	GlobalSection(SolutionConfigurationPlatforms) = preSolution
		Debug|Any CPU = Debug|Any CPU
		Release|Any CPU = Release|Any CPU
	EndGlobalSection
	GlobalSection(ProjectConfigurationPlatforms) = postSolution
		{80E93EBF-7E84-410D-877E-165804DCCB09}.Debug|Any CPU.ActiveCfg = Debug|Any CPU
		{80E93EBF-7E84-410D-877E-165804DCCB09}.Debug|Any CPU.Build.0 = Debug|Any CPU
		{80E93EBF-7E84-410D-877E-165804DCCB09}.Release|Any CPU.ActiveCfg = Release|Any CPU
		{80E93EBF-7E84-410D-877E-165804DCCB09}.Release|Any CPU.Build.0 = Release|Any CPU
		{ED7F9D0D-6DCA-40B3-AC26-FA1FC35A35D6}.Debug|Any CPU.ActiveCfg = Debug|Any CPU
		{ED7F9D0D-6DCA-40B3-AC26-FA1FC35A35D6}.Debug|Any CPU.Build.0 = Debug|Any CPU
		{ED7F9D0D-6DCA-40B3-AC26-FA1FC35A35D6}.Release|Any CPU.ActiveCfg = Release|Any CPU
		{ED7F9D0D-6DCA-40B3-AC26-FA1FC35A35D6}.Release|Any CPU.Build.0 = Release|Any CPU
		{01642438-048E-4CF2-AD62-6232043E41DA}.Debug|Any CPU.ActiveCfg = Debug|Any CPU
		{01642438-048E-4CF2-AD62-6232043E41DA}.Debug|Any CPU.Build.0 = Debug|Any CPU
		{01642438-048E-4CF2-AD62-6232043E41DA}.Release|Any CPU.ActiveCfg = Release|Any CPU
		{01642438-048E-4CF2-AD62-6232043E41DA}.Release|Any CPU.Build.0 = Release|Any CPU
		{8469DE55-A79F-4F63-A11A-AC193B69B81C}.Debug|Any CPU.ActiveCfg = Debug|Any CPU
		{8469DE55-A79F-4F63-A11A-AC193B69B81C}.Debug|Any CPU.Build.0 = Debug|Any CPU
		{8469DE55-A79F-4F63-A11A-AC193B69B81C}.Release|Any CPU.ActiveCfg = Release|Any CPU
		{8469DE55-A79F-4F63-A11A-AC193B69B81C}.Release|Any CPU.Build.0 = Release|Any CPU
		{CB1C48E3-78AA-488E-8DA5-724804C53A6D}.Debug|Any CPU.ActiveCfg = Debug|Any CPU
		{CB1C48E3-78AA-488E-8DA5-724804C53A6D}.Debug|Any CPU.Build.0 = Debug|Any CPU
		{CB1C48E3-78AA-488E-8DA5-724804C53A6D}.Release|Any CPU.ActiveCfg = Release|Any CPU
		{CB1C48E3-78AA-488E-8DA5-724804C53A6D}.Release|Any CPU.Build.0 = Release|Any CPU
		{8D130807-5AD8-4894-A694-6EBECBF89A5A}.Debug|Any CPU.ActiveCfg = Debug|Any CPU
		{8D130807-5AD8-4894-A694-6EBECBF89A5A}.Debug|Any CPU.Build.0 = Debug|Any CPU
		{8D130807-5AD8-4894-A694-6EBECBF89A5A}.Release|Any CPU.ActiveCfg = Release|Any CPU
		{8D130807-5AD8-4894-A694-6EBECBF89A5A}.Release|Any CPU.Build.0 = Release|Any CPU
		{AA783B66-6F91-4164-86D4-6D053E5A549C}.Debug|Any CPU.ActiveCfg = Debug|Any CPU
		{AA783B66-6F91-4164-86D4-6D053E5A549C}.Debug|Any CPU.Build.0 = Debug|Any CPU
		{AA783B66-6F91-4164-86D4-6D053E5A549C}.Release|Any CPU.ActiveCfg = Release|Any CPU
		{AA783B66-6F91-4164-86D4-6D053E5A549C}.Release|Any CPU.Build.0 = Release|Any CPU
		{B34C3A3E-EE0E-4D4F-9A3C-AADA575FA977}.Debug|Any CPU.ActiveCfg = Debug|Any CPU
		{B34C3A3E-EE0E-4D4F-9A3C-AADA575FA977}.Debug|Any CPU.Build.0 = Debug|Any CPU
		{B34C3A3E-EE0E-4D4F-9A3C-AADA575FA977}.Release|Any CPU.ActiveCfg = Release|Any CPU
		{B34C3A3E-EE0E-4D4F-9A3C-AADA575FA977}.Release|Any CPU.Build.0 = Release|Any CPU
	EndGlobalSection
	GlobalSection(SolutionProperties) = preSolution
		HideSolutionNode = FALSE
	EndGlobalSection
	GlobalSection(NestedProjects) = preSolution
		{80E93EBF-7E84-410D-877E-165804DCCB09} = {7F48AE48-DFA2-4B69-BD0F-8D961FD294D0}
		{ED7F9D0D-6DCA-40B3-AC26-FA1FC35A35D6} = {88EF0885-575A-4E7A-BBC7-77F762E31A0E}
		{01642438-048E-4CF2-AD62-6232043E41DA} = {006F2845-2905-4EDD-8492-86C6E31282EE}
		{8469DE55-A79F-4F63-A11A-AC193B69B81C} = {006F2845-2905-4EDD-8492-86C6E31282EE}
		{CB1C48E3-78AA-488E-8DA5-724804C53A6D} = {7F48AE48-DFA2-4B69-BD0F-8D961FD294D0}
		{006F2845-2905-4EDD-8492-86C6E31282EE} = {9C44B2B9-3FA1-4723-AF75-C4883B0D03A7}
		{C6B98084-8431-4073-9311-A3508C31DF7F} = {9C44B2B9-3FA1-4723-AF75-C4883B0D03A7}
		{9EB00985-8989-4020-B0BA-536C90BEDEBC} = {D3630025-B2A9-4B83-99CF-2DD99289D628}
		{3B049767-E6E3-4E89-B45B-9066448E0573} = {D3630025-B2A9-4B83-99CF-2DD99289D628}
		{8D130807-5AD8-4894-A694-6EBECBF89A5A} = {9EB00985-8989-4020-B0BA-536C90BEDEBC}
		{AA783B66-6F91-4164-86D4-6D053E5A549C} = {88EF0885-575A-4E7A-BBC7-77F762E31A0E}
		{B34C3A3E-EE0E-4D4F-9A3C-AADA575FA977} = {88EF0885-575A-4E7A-BBC7-77F762E31A0E}
	EndGlobalSection
	GlobalSection(ExtensibilityGlobals) = postSolution
		SolutionGuid = {409A4605-C03F-4838-9B22-C8C2AA82EB23}
	EndGlobalSection
EndGlobal
